
Microsoft Visual Studio Solution File, Format Version 12.00
# Visual Studio Version 17
VisualStudioVersion = 17.7.34031.279
MinimumVisualStudioVersion = 10.0.40219.1
Project("{FAE04EC0-301F-11D3-BF4B-00C04F79EFBC}") = "öğrenci kayıtt", "öğrenci kayıtt\öğrenci kayıtt.csproj", "{87E3D922-EF89-4982-8B93-FFD0E3551F82}"
EndProject
Global
	GlobalSection(SolutionConfigurationPlatforms) = preSolution
		Debug|Any CPU = Debug|Any CPU
		Release|Any CPU = Release|Any CPU
	EndGlobalSection
	GlobalSection(ProjectConfigurationPlatforms) = postSolution
		{87E3D922-EF89-4982-8B93-FFD0E3551F82}.Debug|Any CPU.ActiveCfg = Debug|Any CPU
		{87E3D922-EF89-4982-8B93-FFD0E3551F82}.Debug|Any CPU.Build.0 = Debug|Any CPU
		{87E3D922-EF89-4982-8B93-FFD0E3551F82}.Release|Any CPU.ActiveCfg = Release|Any CPU
		{87E3D922-EF89-4982-8B93-FFD0E3551F82}.Release|Any CPU.Build.0 = Release|Any CPU
	EndGlobalSection
	GlobalSection(SolutionProperties) = preSolution
		HideSolutionNode = FALSE
	EndGlobalSection
	GlobalSection(ExtensibilityGlobals) = postSolution
		SolutionGuid = {BD295814-146D-4007-8971-BEBC7D8A1EF8}
	EndGlobalSection
EndGlobal
